
Microsoft Visual Studio Solution File, Format Version 12.00
# Visual Studio Version 16
VisualStudioVersion = 16.0.29806.167
MinimumVisualStudioVersion = 10.0.40219.1
Project("{8BC9CEB8-8B4A-11D0-8D11-00A0C91BC942}") = "HelloSocket", "..\HelloSocket\HelloSocket.vcxproj", "{F3BF7D7A-CF1C-435A-BABE-133C05F379BA}"
EndProject
Project("{8BC9CEB8-8B4A-11D0-8D11-00A0C91BC942}") = "EasyTCPServer", "..\EasyTCPServer\EasyTCPServer.vcxproj", "{EFC1AAFC-082E-470C-A090-382985C673B8}"
EndProject
Project("{8BC9CEB8-8B4A-11D0-8D11-00A0C91BC942}") = "EasyTCPClient", "..\EasyTCPClient\EasyTCPClient.vcxproj", "{E621C349-642F-465E-AE47-B3DA8BF39688}"
EndProject
Global
	GlobalSection(SolutionConfigurationPlatforms) = preSolution
		Debug|x64 = Debug|x64
		Debug|x86 = Debug|x86
		Release|x64 = Release|x64
		Release|x86 = Release|x86
	EndGlobalSection
	GlobalSection(ProjectConfigurationPlatforms) = postSolution
		{F3BF7D7A-CF1C-435A-BABE-133C05F379BA}.Debug|x64.ActiveCfg = Debug|x64
		{F3BF7D7A-CF1C-435A-BABE-133C05F379BA}.Debug|x64.Build.0 = Debug|x64
		{F3BF7D7A-CF1C-435A-BABE-133C05F379BA}.Debug|x86.ActiveCfg = Debug|Win32
		{F3BF7D7A-CF1C-435A-BABE-133C05F379BA}.Debug|x86.Build.0 = Debug|Win32
		{F3BF7D7A-CF1C-435A-BABE-133C05F379BA}.Release|x64.ActiveCfg = Release|x64
		{F3BF7D7A-CF1C-435A-BABE-133C05F379BA}.Release|x64.Build.0 = Release|x64
		{F3BF7D7A-CF1C-435A-BABE-133C05F379BA}.Release|x86.ActiveCfg = Release|Win32
		{F3BF7D7A-CF1C-435A-BABE-133C05F379BA}.Release|x86.Build.0 = Release|Win32
		{EFC1AAFC-082E-470C-A090-382985C673B8}.Debug|x64.ActiveCfg = Debug|x64
		{EFC1AAFC-082E-470C-A090-382985C673B8}.Debug|x64.Build.0 = Debug|x64
		{EFC1AAFC-082E-470C-A090-382985C673B8}.Debug|x86.ActiveCfg = Debug|Win32
		{EFC1AAFC-082E-470C-A090-382985C673B8}.Debug|x86.Build.0 = Debug|Win32
		{EFC1AAFC-082E-470C-A090-382985C673B8}.Release|x64.ActiveCfg = Release|x64
		{EFC1AAFC-082E-470C-A090-382985C673B8}.Release|x64.Build.0 = Release|x64
		{EFC1AAFC-082E-470C-A090-382985C673B8}.Release|x86.ActiveCfg = Release|Win32
		{EFC1AAFC-082E-470C-A090-382985C673B8}.Release|x86.Build.0 = Release|Win32
		{E621C349-642F-465E-AE47-B3DA8BF39688}.Debug|x64.ActiveCfg = Debug|x64
		{E621C349-642F-465E-AE47-B3DA8BF39688}.Debug|x64.Build.0 = Debug|x64
		{E621C349-642F-465E-AE47-B3DA8BF39688}.Debug|x86.ActiveCfg = Debug|Win32
		{E621C349-642F-465E-AE47-B3DA8BF39688}.Debug|x86.Build.0 = Debug|Win32
		{E621C349-642F-465E-AE47-B3DA8BF39688}.Release|x64.ActiveCfg = Release|x64
		{E621C349-642F-465E-AE47-B3DA8BF39688}.Release|x64.Build.0 = Release|x64
		{E621C349-642F-465E-AE47-B3DA8BF39688}.Release|x86.ActiveCfg = Release|Win32
		{E621C349-642F-465E-AE47-B3DA8BF39688}.Release|x86.Build.0 = Release|Win32
	EndGlobalSection
	GlobalSection(SolutionProperties) = preSolution
		HideSolutionNode = FALSE
	EndGlobalSection
	GlobalSection(ExtensibilityGlobals) = postSolution
		SolutionGuid = {DF3D1B08-863F-414D-93D6-09A9CE7EA6FF}
	EndGlobalSection
EndGlobal
